
Microsoft Visual Studio Solution File, Format Version 12.00
# Visual Studio 15
VisualStudioVersion = 15.0.27703.2035
MinimumVisualStudioVersion = 10.0.40219.1
Project("{FAE04EC0-301F-11D3-BF4B-00C04F79EFBC}") = "XF.MVVMBasic.Android", "XF.MVVMBasic\XF.MVVMBasic.Android\XF.MVVMBasic.Android.csproj", "{6E1F9F96-EE0D-41EB-9F76-3E7FEBC028B9}"
EndProject
Project("{FAE04EC0-301F-11D3-BF4B-00C04F79EFBC}") = "XF.MVVMBasic.iOS", "XF.MVVMBasic\XF.MVVMBasic.iOS\XF.MVVMBasic.iOS.csproj", "{7BF7495D-D717-4F5E-9270-190D39D48CE3}"
EndProject
Project("{FAE04EC0-301F-11D3-BF4B-00C04F79EFBC}") = "XF.MVVMBasic", "XF.MVVMBasic\XF.MVVMBasic\XF.MVVMBasic.csproj", "{8AA053B3-5B50-4802-9131-096C1C9C47A2}"
EndProject
Global
	GlobalSection(SolutionConfigurationPlatforms) = preSolution
		Ad-Hoc|Any CPU = Ad-Hoc|Any CPU
		Ad-Hoc|iPhone = Ad-Hoc|iPhone
		Ad-Hoc|iPhoneSimulator = Ad-Hoc|iPhoneSimulator
		AppStore|Any CPU = AppStore|Any CPU
		AppStore|iPhone = AppStore|iPhone
		AppStore|iPhoneSimulator = AppStore|iPhoneSimulator
		Debug|Any CPU = Debug|Any CPU
		Debug|iPhone = Debug|iPhone
		Debug|iPhoneSimulator = Debug|iPhoneSimulator
		Release|Any CPU = Release|Any CPU
		Release|iPhone = Release|iPhone
		Release|iPhoneSimulator = Release|iPhoneSimulator
	EndGlobalSection
	GlobalSection(ProjectConfigurationPlatforms) = postSolution
		{6E1F9F96-EE0D-41EB-9F76-3E7FEBC028B9}.Ad-Hoc|Any CPU.ActiveCfg = Release|Any CPU
		{6E1F9F96-EE0D-41EB-9F76-3E7FEBC028B9}.Ad-Hoc|Any CPU.Build.0 = Release|Any CPU
		{6E1F9F96-EE0D-41EB-9F76-3E7FEBC028B9}.Ad-Hoc|Any CPU.Deploy.0 = Release|Any CPU
		{6E1F9F96-EE0D-41EB-9F76-3E7FEBC028B9}.Ad-Hoc|iPhone.ActiveCfg = Release|Any CPU
		{6E1F9F96-EE0D-41EB-9F76-3E7FEBC028B9}.Ad-Hoc|iPhone.Build.0 = Release|Any CPU
		{6E1F9F96-EE0D-41EB-9F76-3E7FEBC028B9}.Ad-Hoc|iPhone.Deploy.0 = Release|Any CPU
		{6E1F9F96-EE0D-41EB-9F76-3E7FEBC028B9}.Ad-Hoc|iPhoneSimulator.ActiveCfg = Release|Any CPU
		{6E1F9F96-EE0D-41EB-9F76-3E7FEBC028B9}.Ad-Hoc|iPhoneSimulator.Build.0 = Release|Any CPU
		{6E1F9F96-EE0D-41EB-9F76-3E7FEBC028B9}.Ad-Hoc|iPhoneSimulator.Deploy.0 = Release|Any CPU
		{6E1F9F96-EE0D-41EB-9F76-3E7FEBC028B9}.AppStore|Any CPU.ActiveCfg = Release|Any CPU
		{6E1F9F96-EE0D-41EB-9F76-3E7FEBC028B9}.AppStore|Any CPU.Build.0 = Release|Any CPU
		{6E1F9F96-EE0D-41EB-9F76-3E7FEBC028B9}.AppStore|Any CPU.Deploy.0 = Release|Any CPU
		{6E1F9F96-EE0D-41EB-9F76-3E7FEBC028B9}.AppStore|iPhone.ActiveCfg = Release|Any CPU
		{6E1F9F96-EE0D-41EB-9F76-3E7FEBC028B9}.AppStore|iPhone.Build.0 = Release|Any CPU
		{6E1F9F96-EE0D-41EB-9F76-3E7FEBC028B9}.AppStore|iPhone.Deploy.0 = Release|Any CPU
		{6E1F9F96-EE0D-41EB-9F76-3E7FEBC028B9}.AppStore|iPhoneSimulator.ActiveCfg = Release|Any CPU
		{6E1F9F96-EE0D-41EB-9F76-3E7FEBC028B9}.AppStore|iPhoneSimulator.Build.0 = Release|Any CPU
		{6E1F9F96-EE0D-41EB-9F76-3E7FEBC028B9}.AppStore|iPhoneSimulator.Deploy.0 = Release|Any CPU
		{6E1F9F96-EE0D-41EB-9F76-3E7FEBC028B9}.Debug|Any CPU.ActiveCfg = Debug|Any CPU
		{6E1F9F96-EE0D-41EB-9F76-3E7FEBC028B9}.Debug|Any CPU.Build.0 = Debug|Any CPU
		{6E1F9F96-EE0D-41EB-9F76-3E7FEBC028B9}.Debug|Any CPU.Deploy.0 = Debug|Any CPU
		{6E1F9F96-EE0D-41EB-9F76-3E7FEBC028B9}.Debug|iPhone.ActiveCfg = Debug|Any CPU
		{6E1F9F96-EE0D-41EB-9F76-3E7FEBC028B9}.Debug|iPhone.Build.0 = Debug|Any CPU
		{6E1F9F96-EE0D-41EB-9F76-3E7FEBC028B9}.Debug|iPhone.Deploy.0 = Debug|Any CPU
		{6E1F9F96-EE0D-41EB-9F76-3E7FEBC028B9}.Debug|iPhoneSimulator.ActiveCfg = Debug|Any CPU
		{6E1F9F96-EE0D-41EB-9F76-3E7FEBC028B9}.Debug|iPhoneSimulator.Build.0 = Debug|Any CPU
		{6E1F9F96-EE0D-41EB-9F76-3E7FEBC028B9}.Debug|iPhoneSimulator.Deploy.0 = Debug|Any CPU
		{6E1F9F96-EE0D-41EB-9F76-3E7FEBC028B9}.Release|Any CPU.ActiveCfg = Release|Any CPU
		{6E1F9F96-EE0D-41EB-9F76-3E7FEBC028B9}.Release|Any CPU.Build.0 = Release|Any CPU
		{6E1F9F96-EE0D-41EB-9F76-3E7FEBC028B9}.Release|Any CPU.Deploy.0 = Release|Any CPU
		{6E1F9F96-EE0D-41EB-9F76-3E7FEBC028B9}.Release|iPhone.ActiveCfg = Release|Any CPU
		{6E1F9F96-EE0D-41EB-9F76-3E7FEBC028B9}.Release|iPhone.Build.0 = Release|Any CPU
		{6E1F9F96-EE0D-41EB-9F76-3E7FEBC028B9}.Release|iPhone.Deploy.0 = Release|Any CPU
		{6E1F9F96-EE0D-41EB-9F76-3E7FEBC028B9}.Release|iPhoneSimulator.ActiveCfg = Release|Any CPU
		{6E1F9F96-EE0D-41EB-9F76-3E7FEBC028B9}.Release|iPhoneSimulator.Build.0 = Release|Any CPU
		{6E1F9F96-EE0D-41EB-9F76-3E7FEBC028B9}.Release|iPhoneSimulator.Deploy.0 = Release|Any CPU
		{7BF7495D-D717-4F5E-9270-190D39D48CE3}.Ad-Hoc|Any CPU.ActiveCfg = Ad-Hoc|iPhone
		{7BF7495D-D717-4F5E-9270-190D39D48CE3}.Ad-Hoc|Any CPU.Build.0 = Ad-Hoc|iPhone
		{7BF7495D-D717-4F5E-9270-190D39D48CE3}.Ad-Hoc|Any CPU.Deploy.0 = Ad-Hoc|iPhone
		{7BF7495D-D717-4F5E-9270-190D39D48CE3}.Ad-Hoc|iPhone.ActiveCfg = Ad-Hoc|iPhone
		{7BF7495D-D717-4F5E-9270-190D39D48CE3}.Ad-Hoc|iPhone.Build.0 = Ad-Hoc|iPhone
		{7BF7495D-D717-4F5E-9270-190D39D48CE3}.Ad-Hoc|iPhone.Deploy.0 = Ad-Hoc|iPhone
		{7BF7495D-D717-4F5E-9270-190D39D48CE3}.Ad-Hoc|iPhoneSimulator.ActiveCfg = Ad-Hoc|iPhoneSimulator
		{7BF7495D-D717-4F5E-9270-190D39D48CE3}.Ad-Hoc|iPhoneSimulator.Build.0 = Ad-Hoc|iPhoneSimulator
		{7BF7495D-D717-4F5E-9270-190D39D48CE3}.Ad-Hoc|iPhoneSimulator.Deploy.0 = Ad-Hoc|iPhoneSimulator
		{7BF7495D-D717-4F5E-9270-190D39D48CE3}.AppStore|Any CPU.ActiveCfg = AppStore|iPhone
		{7BF7495D-D717-4F5E-9270-190D39D48CE3}.AppStore|Any CPU.Build.0 = AppStore|iPhone
		{7BF7495D-D717-4F5E-9270-190D39D48CE3}.AppStore|Any CPU.Deploy.0 = AppStore|iPhone
		{7BF7495D-D717-4F5E-9270-190D39D48CE3}.AppStore|iPhone.ActiveCfg = AppStore|iPhone
		{7BF7495D-D717-4F5E-9270-190D39D48CE3}.AppStore|iPhone.Build.0 = AppStore|iPhone
		{7BF7495D-D717-4F5E-9270-190D39D48CE3}.AppStore|iPhone.Deploy.0 = AppStore|iPhone
		{7BF7495D-D717-4F5E-9270-190D39D48CE3}.AppStore|iPhoneSimulator.ActiveCfg = AppStore|iPhoneSimulator
		{7BF7495D-D717-4F5E-9270-190D39D48CE3}.AppStore|iPhoneSimulator.Build.0 = AppStore|iPhoneSimulator
		{7BF7495D-D717-4F5E-9270-190D39D48CE3}.AppStore|iPhoneSimulator.Deploy.0 = AppStore|iPhoneSimulator
		{7BF7495D-D717-4F5E-9270-190D39D48CE3}.Debug|Any CPU.ActiveCfg = Debug|iPhoneSimulator
		{7BF7495D-D717-4F5E-9270-190D39D48CE3}.Debug|Any CPU.Build.0 = Debug|iPhoneSimulator
		{7BF7495D-D717-4F5E-9270-190D39D48CE3}.Debug|Any CPU.Deploy.0 = Debug|iPhoneSimulator
		{7BF7495D-D717-4F5E-9270-190D39D48CE3}.Debug|iPhone.ActiveCfg = Debug|iPhone
		{7BF7495D-D717-4F5E-9270-190D39D48CE3}.Debug|iPhone.Build.0 = Debug|iPhone
		{7BF7495D-D717-4F5E-9270-190D39D48CE3}.Debug|iPhone.Deploy.0 = Debug|iPhone
		{7BF7495D-D717-4F5E-9270-190D39D48CE3}.Debug|iPhoneSimulator.ActiveCfg = Debug|iPhoneSimulator
		{7BF7495D-D717-4F5E-9270-190D39D48CE3}.Debug|iPhoneSimulator.Build.0 = Debug|iPhoneSimulator
		{7BF7495D-D717-4F5E-9270-190D39D48CE3}.Debug|iPhoneSimulator.Deploy.0 = Debug|iPhoneSimulator
		{7BF7495D-D717-4F5E-9270-190D39D48CE3}.Release|Any CPU.ActiveCfg = Release|iPhone
		{7BF7495D-D717-4F5E-9270-190D39D48CE3}.Release|Any CPU.Build.0 = Release|iPhone
		{7BF7495D-D717-4F5E-9270-190D39D48CE3}.Release|Any CPU.Deploy.0 = Release|iPhone
		{7BF7495D-D717-4F5E-9270-190D39D48CE3}.Release|iPhone.ActiveCfg = Release|iPhone
		{7BF7495D-D717-4F5E-9270-190D39D48CE3}.Release|iPhone.Build.0 = Release|iPhone
		{7BF7495D-D717-4F5E-9270-190D39D48CE3}.Release|iPhone.Deploy.0 = Release|iPhone
		{7BF7495D-D717-4F5E-9270-190D39D48CE3}.Release|iPhoneSimulator.ActiveCfg = Release|iPhoneSimulator
		{7BF7495D-D717-4F5E-9270-190D39D48CE3}.Release|iPhoneSimulator.Build.0 = Release|iPhoneSimulator
		{7BF7495D-D717-4F5E-9270-190D39D48CE3}.Release|iPhoneSimulator.Deploy.0 = Release|iPhoneSimulator
		{8AA053B3-5B50-4802-9131-096C1C9C47A2}.Ad-Hoc|Any CPU.ActiveCfg = Debug|Any CPU
		{8AA053B3-5B50-4802-9131-096C1C9C47A2}.Ad-Hoc|Any CPU.Build.0 = Debug|Any CPU
		{8AA053B3-5B50-4802-9131-096C1C9C47A2}.Ad-Hoc|Any CPU.Deploy.0 = Debug|Any CPU
		{8AA053B3-5B50-4802-9131-096C1C9C47A2}.Ad-Hoc|iPhone.ActiveCfg = Debug|Any CPU
		{8AA053B3-5B50-4802-9131-096C1C9C47A2}.Ad-Hoc|iPhone.Build.0 = Debug|Any CPU
		{8AA053B3-5B50-4802-9131-096C1C9C47A2}.Ad-Hoc|iPhone.Deploy.0 = Debug|Any CPU
		{8AA053B3-5B50-4802-9131-096C1C9C47A2}.Ad-Hoc|iPhoneSimulator.ActiveCfg = Debug|Any CPU
		{8AA053B3-5B50-4802-9131-096C1C9C47A2}.Ad-Hoc|iPhoneSimulator.Build.0 = Debug|Any CPU
		{8AA053B3-5B50-4802-9131-096C1C9C47A2}.Ad-Hoc|iPhoneSimulator.Deploy.0 = Debug|Any CPU
		{8AA053B3-5B50-4802-9131-096C1C9C47A2}.AppStore|Any CPU.ActiveCfg = Debug|Any CPU
		{8AA053B3-5B50-4802-9131-096C1C9C47A2}.AppStore|Any CPU.Build.0 = Debug|Any CPU
		{8AA053B3-5B50-4802-9131-096C1C9C47A2}.AppStore|Any CPU.Deploy.0 = Debug|Any CPU
		{8AA053B3-5B50-4802-9131-096C1C9C47A2}.AppStore|iPhone.ActiveCfg = Debug|Any CPU
		{8AA053B3-5B50-4802-9131-096C1C9C47A2}.AppStore|iPhone.Build.0 = Debug|Any CPU
		{8AA053B3-5B50-4802-9131-096C1C9C47A2}.AppStore|iPhone.Deploy.0 = Debug|Any CPU
		{8AA053B3-5B50-4802-9131-096C1C9C47A2}.AppStore|iPhoneSimulator.ActiveCfg = Debug|Any CPU
		{8AA053B3-5B50-4802-9131-096C1C9C47A2}.AppStore|iPhoneSimulator.Build.0 = Debug|Any CPU
		{8AA053B3-5B50-4802-9131-096C1C9C47A2}.AppStore|iPhoneSimulator.Deploy.0 = Debug|Any CPU
		{8AA053B3-5B50-4802-9131-096C1C9C47A2}.Debug|Any CPU.ActiveCfg = Debug|Any CPU
		{8AA053B3-5B50-4802-9131-096C1C9C47A2}.Debug|Any CPU.Build.0 = Debug|Any CPU
		{8AA053B3-5B50-4802-9131-096C1C9C47A2}.Debug|Any CPU.Deploy.0 = Debug|Any CPU
		{8AA053B3-5B50-4802-9131-096C1C9C47A2}.Debug|iPhone.ActiveCfg = Debug|Any CPU
		{8AA053B3-5B50-4802-9131-096C1C9C47A2}.Debug|iPhone.Build.0 = Debug|Any CPU
		{8AA053B3-5B50-4802-9131-096C1C9C47A2}.Debug|iPhone.Deploy.0 = Debug|Any CPU
		{8AA053B3-5B50-4802-9131-096C1C9C47A2}.Debug|iPhoneSimulator.ActiveCfg = Debug|Any CPU
		{8AA053B3-5B50-4802-9131-096C1C9C47A2}.Debug|iPhoneSimulator.Build.0 = Debug|Any CPU
		{8AA053B3-5B50-4802-9131-096C1C9C47A2}.Debug|iPhoneSimulator.Deploy.0 = Debug|Any CPU
		{8AA053B3-5B50-4802-9131-096C1C9C47A2}.Release|Any CPU.ActiveCfg = Release|Any CPU
		{8AA053B3-5B50-4802-9131-096C1C9C47A2}.Release|Any CPU.Build.0 = Release|Any CPU
		{8AA053B3-5B50-4802-9131-096C1C9C47A2}.Release|Any CPU.Deploy.0 = Release|Any CPU
		{8AA053B3-5B50-4802-9131-096C1C9C47A2}.Release|iPhone.ActiveCfg = Release|Any CPU
		{8AA053B3-5B50-4802-9131-096C1C9C47A2}.Release|iPhone.Build.0 = Release|Any CPU
		{8AA053B3-5B50-4802-9131-096C1C9C47A2}.Release|iPhone.Deploy.0 = Release|Any CPU
		{8AA053B3-5B50-4802-9131-096C1C9C47A2}.Release|iPhoneSimulator.ActiveCfg = Release|Any CPU
		{8AA053B3-5B50-4802-9131-096C1C9C47A2}.Release|iPhoneSimulator.Build.0 = Release|Any CPU
		{8AA053B3-5B50-4802-9131-096C1C9C47A2}.Release|iPhoneSimulator.Deploy.0 = Release|Any CPU
	EndGlobalSection
	GlobalSection(SolutionProperties) = preSolution
		HideSolutionNode = FALSE
	EndGlobalSection
	GlobalSection(ExtensibilityGlobals) = postSolution
		SolutionGuid = {6DDEE316-BDA0-4F46-8EE8-1252EC0F040F}
	EndGlobalSection
EndGlobal
